
Microsoft Visual Studio Solution File, Format Version 12.00
Project("{FAE04EC0-301F-11D3-BF4B-00C04F79EFBC}") = "WWT.NetTest.Blazor", "WWT.NetTest.Blazor\WWT.NetTest.Blazor.csproj", "{B71A7BB2-8B63-4835-BEB0-34B82858CBE0}"
EndProject
Global
	GlobalSection(SolutionConfigurationPlatforms) = preSolution
		Debug|Any CPU = Debug|Any CPU
		Release|Any CPU = Release|Any CPU
	EndGlobalSection
	GlobalSection(ProjectConfigurationPlatforms) = postSolution
		{B71A7BB2-8B63-4835-BEB0-34B82858CBE0}.Debug|Any CPU.ActiveCfg = Debug|Any CPU
		{B71A7BB2-8B63-4835-BEB0-34B82858CBE0}.Debug|Any CPU.Build.0 = Debug|Any CPU
		{B71A7BB2-8B63-4835-BEB0-34B82858CBE0}.Release|Any CPU.ActiveCfg = Release|Any CPU
		{B71A7BB2-8B63-4835-BEB0-34B82858CBE0}.Release|Any CPU.Build.0 = Release|Any CPU
	EndGlobalSection
EndGlobal
